
Microsoft Visual Studio Solution File, Format Version 12.00
# Visual Studio 15
VisualStudioVersion = 15.0.27130.2027
MinimumVisualStudioVersion = 10.0.40219.1
Project("{FAE04EC0-301F-11D3-BF4B-00C04F79EFBC}") = "EpicGameAPI", "EpicGameAPI\EpicGameAPI.csproj", "{52E2BE26-CA43-47CA-B0A2-20B8B30A955D}"
EndProject
Global
	GlobalSection(SolutionConfigurationPlatforms) = preSolution
		Debug|Any CPU = Debug|Any CPU
		Release|Any CPU = Release|Any CPU
	EndGlobalSection
	GlobalSection(ProjectConfigurationPlatforms) = postSolution
		{52E2BE26-CA43-47CA-B0A2-20B8B30A955D}.Debug|Any CPU.ActiveCfg = Debug|Any CPU
		{52E2BE26-CA43-47CA-B0A2-20B8B30A955D}.Debug|Any CPU.Build.0 = Debug|Any CPU
		{52E2BE26-CA43-47CA-B0A2-20B8B30A955D}.Release|Any CPU.ActiveCfg = Release|Any CPU
		{52E2BE26-CA43-47CA-B0A2-20B8B30A955D}.Release|Any CPU.Build.0 = Release|Any CPU
	EndGlobalSection
	GlobalSection(SolutionProperties) = preSolution
		HideSolutionNode = FALSE
	EndGlobalSection
	GlobalSection(ExtensibilityGlobals) = postSolution
		SolutionGuid = {9452F858-AF70-4EA9-9236-1EAD74D5A341}
	EndGlobalSection
EndGlobal
